
Microsoft Visual Studio Solution File, Format Version 12.00
# Visual Studio Version 17
VisualStudioVersion = 17.14.36623.8
MinimumVisualStudioVersion = 10.0.40219.1
Project("{FAE04EC0-301F-11D3-BF4B-00C04F79EFBC}") = "CrudEstudiantesWeb", "CrudEstudiantesWeb\CrudEstudiantesWeb.csproj", "{1C45E1BB-F2E2-405B-AF93-A5293D999C29}"
EndProject
Global
	GlobalSection(SolutionConfigurationPlatforms) = preSolution
		Debug|Any CPU = Debug|Any CPU
		Release|Any CPU = Release|Any CPU
	EndGlobalSection
	GlobalSection(ProjectConfigurationPlatforms) = postSolution
		{1C45E1BB-F2E2-405B-AF93-A5293D999C29}.Debug|Any CPU.ActiveCfg = Debug|Any CPU
		{1C45E1BB-F2E2-405B-AF93-A5293D999C29}.Debug|Any CPU.Build.0 = Debug|Any CPU
		{1C45E1BB-F2E2-405B-AF93-A5293D999C29}.Release|Any CPU.ActiveCfg = Release|Any CPU
		{1C45E1BB-F2E2-405B-AF93-A5293D999C29}.Release|Any CPU.Build.0 = Release|Any CPU
	EndGlobalSection
	GlobalSection(SolutionProperties) = preSolution
		HideSolutionNode = FALSE
	EndGlobalSection
	GlobalSection(ExtensibilityGlobals) = postSolution
		SolutionGuid = {B128D741-D283-4E39-98F1-1F4C47582B6D}
	EndGlobalSection
EndGlobal
